// !$*UTF8*$!
{
	archiveVersion = 1;
	classes = {
	};
	objectVersion = 51;
	objects = {

/* Begin PBXBuildFile section */
		13750BB62125FC35009B29AA /* ClassificationErrorViewController.swift in Sources */ = {isa = PBXBuildFile; fileRef = 13750BB52125FC35009B29AA /* ClassificationErrorViewController.swift */; };
		138EA90320F7BF9B002FC333 /* ResultViewController.swift in Sources */ = {isa = PBXBuildFile; fileRef = 138EA90220F7BF9B002FC333 /* ResultViewController.swift */; };
		138EA90520F7CFC9002FC333 /* Utils.swift in Sources */ = {isa = PBXBuildFile; fileRef = 138EA90420F7CFC9002FC333 /* Utils.swift */; };
		13AC65DC20EE8F8F00F0D494 /* AppDelegate.swift in Sources */ = {isa = PBXBuildFile; fileRef = 13AC65DB20EE8F8F00F0D494 /* AppDelegate.swift */; };
		13AC65DE20EE8F8F00F0D494 /* RootViewController.swift in Sources */ = {isa = PBXBuildFile; fileRef = 13AC65DD20EE8F8F00F0D494 /* RootViewController.swift */; };
		13AC65E120EE8F8F00F0D494 /* Main.storyboard in Resources */ = {isa = PBXBuildFile; fileRef = 13AC65DF20EE8F8F00F0D494 /* Main.storyboard */; };
		13AC65E320EE8F9000F0D494 /* Assets.xcassets in Resources */ = {isa = PBXBuildFile; fileRef = 13AC65E220EE8F9000F0D494 /* Assets.xcassets */; };
		13AC65E620EE8F9000F0D494 /* LaunchScreen.storyboard in Resources */ = {isa = PBXBuildFile; fileRef = 13AC65E420EE8F9000F0D494 /* LaunchScreen.storyboard */; };
		13AC66BE20EED36D00F0D494 /* CustomAlert.swift in Sources */ = {isa = PBXBuildFile; fileRef = 13AC66BD20EED36D00F0D494 /* CustomAlert.swift */; };
		13D13F1420F6AC000052B1D7 /* ConfirmationViewController.swift in Sources */ = {isa = PBXBuildFile; fileRef = 13D13F1320F6AC000052B1D7 /* ConfirmationViewController.swift */; };
		83248A8323ECB05D00A264F2 /* AcuantFaceCapture.framework in Frameworks */ = {isa = PBXBuildFile; fileRef = 83248A8223ECAFF500A264F2 /* AcuantFaceCapture.framework */; };
		83248A8423ECB05D00A264F2 /* AcuantFaceCapture.framework in Embed Frameworks */ = {isa = PBXBuildFile; fileRef = 83248A8223ECAFF500A264F2 /* AcuantFaceCapture.framework */; settings = {ATTRIBUTES = (CodeSignOnCopy, RemoveHeadersOnCopy, ); }; };
		835108EA22FA425300CC8329 /* AcuantProgressView.swift in Sources */ = {isa = PBXBuildFile; fileRef = 835108E922FA425300CC8329 /* AcuantProgressView.swift */; };
		8351094C22FB462B00CC8329 /* Localizable.strings in Resources */ = {isa = PBXBuildFile; fileRef = 8351094A22FB462B00CC8329 /* Localizable.strings */; };
		8351095322FB463B00CC8329 /* Main.strings in Resources */ = {isa = PBXBuildFile; fileRef = 8351095022FB463B00CC8329 /* Main.strings */; };
		83576FF3243554E20091454C /* NFCViewController.swift in Sources */ = {isa = PBXBuildFile; fileRef = 83576FF1243554E20091454C /* NFCViewController.swift */; };
		83576FF4243554E20091454C /* NFCResultViewController.swift in Sources */ = {isa = PBXBuildFile; fileRef = 83576FF2243554E20091454C /* NFCResultViewController.swift */; };
		83576FF6243555310091454C /* tessdata in Resources */ = {isa = PBXBuildFile; fileRef = 83576FF5243555310091454C /* tessdata */; };
		838DEB5124356128004B5DE3 /* AcuantCamera.framework in Frameworks */ = {isa = PBXBuildFile; fileRef = C208049D2226E049004FA5BE /* AcuantCamera.framework */; };
		83C977F622C69D9A00FC8C53 /* CheckConnection.swift in Sources */ = {isa = PBXBuildFile; fileRef = 83C977F522C69D9A00FC8C53 /* CheckConnection.swift */; };
		C229E7B62224520700FFAC6F /* AcuantConfig.plist in Resources */ = {isa = PBXBuildFile; fileRef = C229E7B52224520700FFAC6F /* AcuantConfig.plist */; };
		C2AD3AAA2273B8F200088F0A /* AcuantCamera.framework in Embed Frameworks */ = {isa = PBXBuildFile; fileRef = C208049D2226E049004FA5BE /* AcuantCamera.framework */; settings = {ATTRIBUTES = (CodeSignOnCopy, RemoveHeadersOnCopy, ); }; };
		C2B08D5922C6AF31003F2CBE /* FaceLivenessCameraController.swift in Sources */ = {isa = PBXBuildFile; fileRef = C2B08D5822C6AF31003F2CBE /* FaceLivenessCameraController.swift */; };
/* End PBXBuildFile section */

/* Begin PBXContainerItemProxy section */
		83248A8123ECAFF500A264F2 /* PBXContainerItemProxy */ = {
			isa = PBXContainerItemProxy;
			containerPortal = 83248A7D23ECAFF500A264F2 /* AcuantFaceCapture.xcodeproj */;
			proxyType = 2;
			remoteGlobalIDString = 83F0BF7123D8B28E00140A06;
			remoteInfo = AcuantFaceCapture;
		};
		838DEB4F24355DE9004B5DE3 /* PBXContainerItemProxy */ = {
			isa = PBXContainerItemProxy;
			containerPortal = 83248A7D23ECAFF500A264F2 /* AcuantFaceCapture.xcodeproj */;
			proxyType = 1;
			remoteGlobalIDString = 83F0BF7023D8B28E00140A06;
			remoteInfo = AcuantFaceCapture;
		};
		C208049C2226E049004FA5BE /* PBXContainerItemProxy */ = {
			isa = PBXContainerItemProxy;
			containerPortal = C20804982226E048004FA5BE /* AcuantCamera.xcodeproj */;
			proxyType = 2;
			remoteGlobalIDString = 134F59D221FA0BA600CEDBFC;
			remoteInfo = AcuantCamera;
		};
		C2AD3AAB2273B8F200088F0A /* PBXContainerItemProxy */ = {
			isa = PBXContainerItemProxy;
			containerPortal = C20804982226E048004FA5BE /* AcuantCamera.xcodeproj */;
			proxyType = 1;
			remoteGlobalIDString = 134F59D121FA0BA600CEDBFC;
			remoteInfo = AcuantCamera;
		};
/* End PBXContainerItemProxy section */

/* Begin PBXCopyFilesBuildPhase section */
		C2AD3AA82273B8B200088F0A /* Embed Frameworks */ = {
			isa = PBXCopyFilesBuildPhase;
			buildActionMask = 2147483647;
			dstPath = "";
			dstSubfolderSpec = 10;
			files = (
				83248A8423ECB05D00A264F2 /* AcuantFaceCapture.framework in Embed Frameworks */,
				C2AD3AAA2273B8F200088F0A /* AcuantCamera.framework in Embed Frameworks */,
			);
			name = "Embed Frameworks";
			runOnlyForDeploymentPostprocessing = 0;
		};
/* End PBXCopyFilesBuildPhase section */

/* Begin PBXFileReference section */
		13750BB52125FC35009B29AA /* ClassificationErrorViewController.swift */ = {isa = PBXFileReference; lastKnownFileType = sourcecode.swift; path = ClassificationErrorViewController.swift; sourceTree = "<group>"; };
		138EA90220F7BF9B002FC333 /* ResultViewController.swift */ = {isa = PBXFileReference; lastKnownFileType = sourcecode.swift; path = ResultViewController.swift; sourceTree = "<group>"; };
		138EA90420F7CFC9002FC333 /* Utils.swift */ = {isa = PBXFileReference; lastKnownFileType = sourcecode.swift; path = Utils.swift; sourceTree = "<group>"; };
		13AC65D820EE8F8F00F0D494 /* SampleApp.app */ = {isa = PBXFileReference; explicitFileType = wrapper.application; includeInIndex = 0; path = SampleApp.app; sourceTree = BUILT_PRODUCTS_DIR; };
		13AC65DB20EE8F8F00F0D494 /* AppDelegate.swift */ = {isa = PBXFileReference; lastKnownFileType = sourcecode.swift; path = AppDelegate.swift; sourceTree = "<group>"; };
		13AC65DD20EE8F8F00F0D494 /* RootViewController.swift */ = {isa = PBXFileReference; lastKnownFileType = sourcecode.swift; path = RootViewController.swift; sourceTree = "<group>"; };
		13AC65E020EE8F8F00F0D494 /* Base */ = {isa = PBXFileReference; lastKnownFileType = file.storyboard; name = Base; path = Base.lproj/Main.storyboard; sourceTree = "<group>"; };
		13AC65E220EE8F9000F0D494 /* Assets.xcassets */ = {isa = PBXFileReference; lastKnownFileType = folder.assetcatalog; path = Assets.xcassets; sourceTree = "<group>"; };
		13AC65E520EE8F9000F0D494 /* Base */ = {isa = PBXFileReference; lastKnownFileType = file.storyboard; name = Base; path = Base.lproj/LaunchScreen.storyboard; sourceTree = "<group>"; };
		13AC65E720EE8F9000F0D494 /* Info.plist */ = {isa = PBXFileReference; lastKnownFileType = text.plist.xml; path = Info.plist; sourceTree = "<group>"; };
		13AC66BD20EED36D00F0D494 /* CustomAlert.swift */ = {isa = PBXFileReference; lastKnownFileType = sourcecode.swift; path = CustomAlert.swift; sourceTree = "<group>"; };
		13D13F1320F6AC000052B1D7 /* ConfirmationViewController.swift */ = {isa = PBXFileReference; lastKnownFileType = sourcecode.swift; path = ConfirmationViewController.swift; sourceTree = "<group>"; };
		83248A7D23ECAFF500A264F2 /* AcuantFaceCapture.xcodeproj */ = {isa = PBXFileReference; lastKnownFileType = "wrapper.pb-project"; name = AcuantFaceCapture.xcodeproj; path = ../AcuantFaceCapture/AcuantFaceCapture.xcodeproj; sourceTree = "<group>"; };
		835108E922FA425300CC8329 /* AcuantProgressView.swift */ = {isa = PBXFileReference; fileEncoding = 4; lastKnownFileType = sourcecode.swift; name = AcuantProgressView.swift; path = View/AcuantProgressView.swift; sourceTree = "<group>"; };
		8351094B22FB462B00CC8329 /* en */ = {isa = PBXFileReference; lastKnownFileType = text.plist.strings; name = en; path = en.lproj/Localizable.strings; sourceTree = "<group>"; };
		8351094F22FB463B00CC8329 /* es */ = {isa = PBXFileReference; lastKnownFileType = text.plist.strings; name = es; path = es.lproj/Localizable.strings; sourceTree = "<group>"; };
		8351095122FB463B00CC8329 /* es */ = {isa = PBXFileReference; lastKnownFileType = text.plist.strings; name = es; path = es.lproj/Main.strings; sourceTree = "<group>"; };
		8351095422FB464A00CC8329 /* fil */ = {isa = PBXFileReference; lastKnownFileType = text.plist.strings; name = fil; path = fil.lproj/Main.strings; sourceTree = "<group>"; };
		8351095522FB464A00CC8329 /* fil */ = {isa = PBXFileReference; lastKnownFileType = text.plist.strings; name = fil; path = fil.lproj/Localizable.strings; sourceTree = "<group>"; };
		83576FF1243554E20091454C /* NFCViewController.swift */ = {isa = PBXFileReference; fileEncoding = 4; lastKnownFileType = sourcecode.swift; path = NFCViewController.swift; sourceTree = "<group>"; };
		83576FF2243554E20091454C /* NFCResultViewController.swift */ = {isa = PBXFileReference; fileEncoding = 4; lastKnownFileType = sourcecode.swift; path = NFCResultViewController.swift; sourceTree = "<group>"; };
		83576FF5243555310091454C /* tessdata */ = {isa = PBXFileReference; lastKnownFileType = folder; name = tessdata; path = Assets.xcassets/tessdata; sourceTree = "<group>"; };
		83576FF7243555410091454C /* SampleApp.entitlements */ = {isa = PBXFileReference; lastKnownFileType = text.plist.entitlements; path = SampleApp.entitlements; sourceTree = "<group>"; };
		83C977F522C69D9A00FC8C53 /* CheckConnection.swift */ = {isa = PBXFileReference; fileEncoding = 4; lastKnownFileType = sourcecode.swift; path = CheckConnection.swift; sourceTree = "<group>"; };
		C20804982226E048004FA5BE /* AcuantCamera.xcodeproj */ = {isa = PBXFileReference; lastKnownFileType = "wrapper.pb-project"; name = AcuantCamera.xcodeproj; path = ../AcuantCamera/AcuantCamera.xcodeproj; sourceTree = "<group>"; };
		C229E7B52224520700FFAC6F /* AcuantConfig.plist */ = {isa = PBXFileReference; lastKnownFileType = text.plist.xml; path = AcuantConfig.plist; sourceTree = "<group>"; };
		C2B08D5822C6AF31003F2CBE /* FaceLivenessCameraController.swift */ = {isa = PBXFileReference; fileEncoding = 4; lastKnownFileType = sourcecode.swift; path = FaceLivenessCameraController.swift; sourceTree = "<group>"; };
/* End PBXFileReference section */

/* Begin PBXFrameworksBuildPhase section */
		13AC65D520EE8F8F00F0D494 /* Frameworks */ = {
			isa = PBXFrameworksBuildPhase;
			buildActionMask = 2147483647;
			files = (
				838DEB5124356128004B5DE3 /* AcuantCamera.framework in Frameworks */,
				83248A8323ECB05D00A264F2 /* AcuantFaceCapture.framework in Frameworks */,
			);
			runOnlyForDeploymentPostprocessing = 0;
		};
/* End PBXFrameworksBuildPhase section */

/* Begin PBXGroup section */
		13AC65CF20EE8F8F00F0D494 = {
			isa = PBXGroup;
			children = (
				13AC65DA20EE8F8F00F0D494 /* SampleApp */,
				13AC65D920EE8F8F00F0D494 /* Products */,
				13AC662620EE954900F0D494 /* Frameworks */,
			);
			sourceTree = "<group>";
		};
		13AC65D920EE8F8F00F0D494 /* Products */ = {
			isa = PBXGroup;
			children = (
				13AC65D820EE8F8F00F0D494 /* SampleApp.app */,
			);
			name = Products;
			sourceTree = "<group>";
		};
		13AC65DA20EE8F8F00F0D494 /* SampleApp */ = {
			isa = PBXGroup;
			children = (
				83576FF7243555410091454C /* SampleApp.entitlements */,
				83576FF5243555310091454C /* tessdata */,
				8351094A22FB462B00CC8329 /* Localizable.strings */,
				8351095022FB463B00CC8329 /* Main.strings */,
				83576FF2243554E20091454C /* NFCResultViewController.swift */,
				83576FF1243554E20091454C /* NFCViewController.swift */,
				835108E922FA425300CC8329 /* AcuantProgressView.swift */,
				C2B08D5822C6AF31003F2CBE /* FaceLivenessCameraController.swift */,
				83C977F522C69D9A00FC8C53 /* CheckConnection.swift */,
				13AC65DB20EE8F8F00F0D494 /* AppDelegate.swift */,
				13AC65DD20EE8F8F00F0D494 /* RootViewController.swift */,
				13AC65DF20EE8F8F00F0D494 /* Main.storyboard */,
				13AC65E220EE8F9000F0D494 /* Assets.xcassets */,
				13AC65E420EE8F9000F0D494 /* LaunchScreen.storyboard */,
				13AC65E720EE8F9000F0D494 /* Info.plist */,
				13AC66BD20EED36D00F0D494 /* CustomAlert.swift */,
				13D13F1320F6AC000052B1D7 /* ConfirmationViewController.swift */,
				138EA90220F7BF9B002FC333 /* ResultViewController.swift */,
				138EA90420F7CFC9002FC333 /* Utils.swift */,
				13750BB52125FC35009B29AA /* ClassificationErrorViewController.swift */,
				C229E7B52224520700FFAC6F /* AcuantConfig.plist */,
			);
			path = SampleApp;
			sourceTree = "<group>";
		};
		13AC662620EE954900F0D494 /* Frameworks */ = {
			isa = PBXGroup;
			children = (
				83248A7D23ECAFF500A264F2 /* AcuantFaceCapture.xcodeproj */,
				C20804982226E048004FA5BE /* AcuantCamera.xcodeproj */,
			);
			name = Frameworks;
			sourceTree = "<group>";
		};
		83248A7E23ECAFF500A264F2 /* Products */ = {
			isa = PBXGroup;
			children = (
				83248A8223ECAFF500A264F2 /* AcuantFaceCapture.framework */,
			);
			name = Products;
			sourceTree = "<group>";
		};
		C20804992226E048004FA5BE /* Products */ = {
			isa = PBXGroup;
			children = (
				C208049D2226E049004FA5BE /* AcuantCamera.framework */,
			);
			name = Products;
			sourceTree = "<group>";
		};
/* End PBXGroup section */

/* Begin PBXNativeTarget section */
		13AC65D720EE8F8F00F0D494 /* SampleApp */ = {
			isa = PBXNativeTarget;
			buildConfigurationList = 13AC660020EE8F9000F0D494 /* Build configuration list for PBXNativeTarget "SampleApp" */;
			buildPhases = (
				13AC65D420EE8F8F00F0D494 /* Sources */,
				13AC65D520EE8F8F00F0D494 /* Frameworks */,
				13AC65D620EE8F8F00F0D494 /* Resources */,
				C2AD3AA82273B8B200088F0A /* Embed Frameworks */,
				83B3429B237B2A6300AB2834 /* ShellScript */,
			);
			buildRules = (
			);
			dependencies = (
				838DEB5024355DE9004B5DE3 /* PBXTargetDependency */,
				C2AD3AAC2273B8F200088F0A /* PBXTargetDependency */,
			);
			name = SampleApp;
			productName = SampleApp;
			productReference = 13AC65D820EE8F8F00F0D494 /* SampleApp.app */;
			productType = "com.apple.product-type.application";
		};
/* End PBXNativeTarget section */

/* Begin PBXProject section */
		13AC65D020EE8F8F00F0D494 /* Project object */ = {
			isa = PBXProject;
			attributes = {
				LastSwiftUpdateCheck = 0940;
				LastUpgradeCheck = 0940;
				ORGANIZATIONNAME = com.acuant;
				TargetAttributes = {
					13AC65D720EE8F8F00F0D494 = {
						CreatedOnToolsVersion = 9.4.1;
					};
				};
			};
			buildConfigurationList = 13AC65D320EE8F8F00F0D494 /* Build configuration list for PBXProject "SampleApp" */;
			compatibilityVersion = "Xcode 9.3";
			developmentRegion = en;
			hasScannedForEncodings = 0;
			knownRegions = (
				en,
				Base,
				es,
				fil,
			);
			mainGroup = 13AC65CF20EE8F8F00F0D494;
			productRefGroup = 13AC65D920EE8F8F00F0D494 /* Products */;
			projectDirPath = "";
			projectReferences = (
				{
					ProductGroup = C20804992226E048004FA5BE /* Products */;
					ProjectRef = C20804982226E048004FA5BE /* AcuantCamera.xcodeproj */;
				},
				{
					ProductGroup = 83248A7E23ECAFF500A264F2 /* Products */;
					ProjectRef = 83248A7D23ECAFF500A264F2 /* AcuantFaceCapture.xcodeproj */;
				},
			);
			projectRoot = "";
			targets = (
				13AC65D720EE8F8F00F0D494 /* SampleApp */,
			);
		};
/* End PBXProject section */

/* Begin PBXReferenceProxy section */
		83248A8223ECAFF500A264F2 /* AcuantFaceCapture.framework */ = {
			isa = PBXReferenceProxy;
			fileType = wrapper.framework;
			path = AcuantFaceCapture.framework;
			remoteRef = 83248A8123ECAFF500A264F2 /* PBXContainerItemProxy */;
			sourceTree = BUILT_PRODUCTS_DIR;
		};
		C208049D2226E049004FA5BE /* AcuantCamera.framework */ = {
			isa = PBXReferenceProxy;
			fileType = wrapper.framework;
			path = AcuantCamera.framework;
			remoteRef = C208049C2226E049004FA5BE /* PBXContainerItemProxy */;
			sourceTree = BUILT_PRODUCTS_DIR;
		};
/* End PBXReferenceProxy section */

/* Begin PBXResourcesBuildPhase section */
		13AC65D620EE8F8F00F0D494 /* Resources */ = {
			isa = PBXResourcesBuildPhase;
			buildActionMask = 2147483647;
			files = (
				8351094C22FB462B00CC8329 /* Localizable.strings in Resources */,
				C229E7B62224520700FFAC6F /* AcuantConfig.plist in Resources */,
				13AC65E620EE8F9000F0D494 /* LaunchScreen.storyboard in Resources */,
				83576FF6243555310091454C /* tessdata in Resources */,
				8351095322FB463B00CC8329 /* Main.strings in Resources */,
				13AC65E320EE8F9000F0D494 /* Assets.xcassets in Resources */,
				13AC65E120EE8F8F00F0D494 /* Main.storyboard in Resources */,
			);
			runOnlyForDeploymentPostprocessing = 0;
		};
/* End PBXResourcesBuildPhase section */

/* Begin PBXShellScriptBuildPhase section */
		83B3429B237B2A6300AB2834 /* ShellScript */ = {
			isa = PBXShellScriptBuildPhase;
			buildActionMask = 2147483647;
			files = (
			);
			inputFileListPaths = (
				"$(SRCROOT)/input.xcfilelist",
			);
			inputPaths = (
			);
			outputFileListPaths = (
				"$(SRCROOT)/output.xcfilelist",
			);
			outputPaths = (
			);
			runOnlyForDeploymentPostprocessing = 0;
			shellPath = /bin/sh;
			shellScript = "# Type a script or drag a script file from your workspace to insert its path.\n/usr/local/bin/carthage copy-frameworks\n";
		};
/* End PBXShellScriptBuildPhase section */

/* Begin PBXSourcesBuildPhase section */
		13AC65D420EE8F8F00F0D494 /* Sources */ = {
			isa = PBXSourcesBuildPhase;
			buildActionMask = 2147483647;
			files = (
				13D13F1420F6AC000052B1D7 /* ConfirmationViewController.swift in Sources */,
				83576FF4243554E20091454C /* NFCResultViewController.swift in Sources */,
				138EA90520F7CFC9002FC333 /* Utils.swift in Sources */,
				13750BB62125FC35009B29AA /* ClassificationErrorViewController.swift in Sources */,
				13AC65DE20EE8F8F00F0D494 /* RootViewController.swift in Sources */,
				83576FF3243554E20091454C /* NFCViewController.swift in Sources */,
				C2B08D5922C6AF31003F2CBE /* FaceLivenessCameraController.swift in Sources */,
				138EA90320F7BF9B002FC333 /* ResultViewController.swift in Sources */,
				83C977F622C69D9A00FC8C53 /* CheckConnection.swift in Sources */,
				835108EA22FA425300CC8329 /* AcuantProgressView.swift in Sources */,
				13AC65DC20EE8F8F00F0D494 /* AppDelegate.swift in Sources */,
				13AC66BE20EED36D00F0D494 /* CustomAlert.swift in Sources */,
			);
			runOnlyForDeploymentPostprocessing = 0;
		};
/* End PBXSourcesBuildPhase section */

/* Begin PBXTargetDependency section */
		838DEB5024355DE9004B5DE3 /* PBXTargetDependency */ = {
			isa = PBXTargetDependency;
			name = AcuantFaceCapture;
			targetProxy = 838DEB4F24355DE9004B5DE3 /* PBXContainerItemProxy */;
		};
		C2AD3AAC2273B8F200088F0A /* PBXTargetDependency */ = {
			isa = PBXTargetDependency;
			name = AcuantCamera;
			targetProxy = C2AD3AAB2273B8F200088F0A /* PBXContainerItemProxy */;
		};
/* End PBXTargetDependency section */

/* Begin PBXVariantGroup section */
		13AC65DF20EE8F8F00F0D494 /* Main.storyboard */ = {
			isa = PBXVariantGroup;
			children = (
				13AC65E020EE8F8F00F0D494 /* Base */,
			);
			name = Main.storyboard;
			sourceTree = "<group>";
		};
		13AC65E420EE8F9000F0D494 /* LaunchScreen.storyboard */ = {
			isa = PBXVariantGroup;
			children = (
				13AC65E520EE8F9000F0D494 /* Base */,
			);
			name = LaunchScreen.storyboard;
			sourceTree = "<group>";
		};
		8351094A22FB462B00CC8329 /* Localizable.strings */ = {
			isa = PBXVariantGroup;
			children = (
				8351094B22FB462B00CC8329 /* en */,
				8351094F22FB463B00CC8329 /* es */,
				8351095522FB464A00CC8329 /* fil */,
			);
			name = Localizable.strings;
			sourceTree = "<group>";
		};
		8351095022FB463B00CC8329 /* Main.strings */ = {
			isa = PBXVariantGroup;
			children = (
				8351095122FB463B00CC8329 /* es */,
				8351095422FB464A00CC8329 /* fil */,
			);
			name = Main.strings;
			sourceTree = "<group>";
		};
/* End PBXVariantGroup section */

/* Begin XCBuildConfiguration section */
		13AC65FE20EE8F9000F0D494 /* Debug */ = {
			isa = XCBuildConfiguration;
			buildSettings = {
				ALWAYS_SEARCH_USER_PATHS = NO;
				CLANG_ANALYZER_NONNULL = YES;
				CLANG_ANALYZER_NUMBER_OBJECT_CONVERSION = YES_AGGRESSIVE;
				CLANG_CXX_LANGUAGE_STANDARD = "gnu++14";
				CLANG_CXX_LIBRARY = "libc++";
				CLANG_ENABLE_MODULES = YES;
				CLANG_ENABLE_OBJC_ARC = YES;
				CLANG_ENABLE_OBJC_WEAK = YES;
				CLANG_WARN_BLOCK_CAPTURE_AUTORELEASING = YES;
				CLANG_WARN_BOOL_CONVERSION = YES;
				CLANG_WARN_COMMA = YES;
				CLANG_WARN_CONSTANT_CONVERSION = YES;
				CLANG_WARN_DEPRECATED_OBJC_IMPLEMENTATIONS = YES;
				CLANG_WARN_DIRECT_OBJC_ISA_USAGE = YES_ERROR;
				CLANG_WARN_DOCUMENTATION_COMMENTS = YES;
				CLANG_WARN_EMPTY_BODY = YES;
				CLANG_WARN_ENUM_CONVERSION = YES;
				CLANG_WARN_INFINITE_RECURSION = YES;
				CLANG_WARN_INT_CONVERSION = YES;
				CLANG_WARN_NON_LITERAL_NULL_CONVERSION = YES;
				CLANG_WARN_OBJC_IMPLICIT_RETAIN_SELF = YES;
				CLANG_WARN_OBJC_LITERAL_CONVERSION = YES;
				CLANG_WARN_OBJC_ROOT_CLASS = YES_ERROR;
				CLANG_WARN_RANGE_LOOP_ANALYSIS = YES;
				CLANG_WARN_STRICT_PROTOTYPES = YES;
				CLANG_WARN_SUSPICIOUS_MOVE = YES;
				CLANG_WARN_UNGUARDED_AVAILABILITY = YES_AGGRESSIVE;
				CLANG_WARN_UNREACHABLE_CODE = YES;
				CLANG_WARN__DUPLICATE_METHOD_MATCH = YES;
				CODE_SIGN_IDENTITY = "iPhone Developer";
				COPY_PHASE_STRIP = NO;
				DEBUG_INFORMATION_FORMAT = dwarf;
				ENABLE_STRICT_OBJC_MSGSEND = YES;
				ENABLE_TESTABILITY = YES;
				GCC_C_LANGUAGE_STANDARD = gnu11;
				GCC_DYNAMIC_NO_PIC = NO;
				GCC_NO_COMMON_BLOCKS = YES;
				GCC_OPTIMIZATION_LEVEL = 0;
				GCC_PREPROCESSOR_DEFINITIONS = (
					"DEBUG=1",
					"$(inherited)",
				);
				GCC_WARN_64_TO_32_BIT_CONVERSION = YES;
				GCC_WARN_ABOUT_RETURN_TYPE = YES_ERROR;
				GCC_WARN_UNDECLARED_SELECTOR = YES;
				GCC_WARN_UNINITIALIZED_AUTOS = YES_AGGRESSIVE;
				GCC_WARN_UNUSED_FUNCTION = YES;
				GCC_WARN_UNUSED_VARIABLE = YES;
				IPHONEOS_DEPLOYMENT_TARGET = 13.2;
				MTL_ENABLE_DEBUG_INFO = YES;
				ONLY_ACTIVE_ARCH = YES;
				SDKROOT = iphoneos;
				SWIFT_ACTIVE_COMPILATION_CONDITIONS = DEBUG;
				SWIFT_OPTIMIZATION_LEVEL = "-Onone";
			};
			name = Debug;
		};
		13AC65FF20EE8F9000F0D494 /* Release */ = {
			isa = XCBuildConfiguration;
			buildSettings = {
				ALWAYS_SEARCH_USER_PATHS = NO;
				CLANG_ANALYZER_NONNULL = YES;
				CLANG_ANALYZER_NUMBER_OBJECT_CONVERSION = YES_AGGRESSIVE;
				CLANG_CXX_LANGUAGE_STANDARD = "gnu++14";
				CLANG_CXX_LIBRARY = "libc++";
				CLANG_ENABLE_MODULES = YES;
				CLANG_ENABLE_OBJC_ARC = YES;
				CLANG_ENABLE_OBJC_WEAK = YES;
				CLANG_WARN_BLOCK_CAPTURE_AUTORELEASING = YES;
				CLANG_WARN_BOOL_CONVERSION = YES;
				CLANG_WARN_COMMA = YES;
				CLANG_WARN_CONSTANT_CONVERSION = YES;
				CLANG_WARN_DEPRECATED_OBJC_IMPLEMENTATIONS = YES;
				CLANG_WARN_DIRECT_OBJC_ISA_USAGE = YES_ERROR;
				CLANG_WARN_DOCUMENTATION_COMMENTS = YES;
				CLANG_WARN_EMPTY_BODY = YES;
				CLANG_WARN_ENUM_CONVERSION = YES;
				CLANG_WARN_INFINITE_RECURSION = YES;
				CLANG_WARN_INT_CONVERSION = YES;
				CLANG_WARN_NON_LITERAL_NULL_CONVERSION = YES;
				CLANG_WARN_OBJC_IMPLICIT_RETAIN_SELF = YES;
				CLANG_WARN_OBJC_LITERAL_CONVERSION = YES;
				CLANG_WARN_OBJC_ROOT_CLASS = YES_ERROR;
				CLANG_WARN_RANGE_LOOP_ANALYSIS = YES;
				CLANG_WARN_STRICT_PROTOTYPES = YES;
				CLANG_WARN_SUSPICIOUS_MOVE = YES;
				CLANG_WARN_UNGUARDED_AVAILABILITY = YES_AGGRESSIVE;
				CLANG_WARN_UNREACHABLE_CODE = YES;
				CLANG_WARN__DUPLICATE_METHOD_MATCH = YES;
				CODE_SIGN_IDENTITY = "iPhone Developer";
				COPY_PHASE_STRIP = NO;
				DEBUG_INFORMATION_FORMAT = "dwarf-with-dsym";
				ENABLE_NS_ASSERTIONS = NO;
				ENABLE_STRICT_OBJC_MSGSEND = YES;
				GCC_C_LANGUAGE_STANDARD = gnu11;
				GCC_NO_COMMON_BLOCKS = YES;
				GCC_WARN_64_TO_32_BIT_CONVERSION = YES;
				GCC_WARN_ABOUT_RETURN_TYPE = YES_ERROR;
				GCC_WARN_UNDECLARED_SELECTOR = YES;
				GCC_WARN_UNINITIALIZED_AUTOS = YES_AGGRESSIVE;
				GCC_WARN_UNUSED_FUNCTION = YES;
				GCC_WARN_UNUSED_VARIABLE = YES;
				IPHONEOS_DEPLOYMENT_TARGET = 13.2;
				MTL_ENABLE_DEBUG_INFO = NO;
				SDKROOT = iphoneos;
				SWIFT_COMPILATION_MODE = wholemodule;
				SWIFT_OPTIMIZATION_LEVEL = "-O";
				VALIDATE_PRODUCT = YES;
			};
			name = Release;
		};
		13AC660120EE8F9000F0D494 /* Debug */ = {
			isa = XCBuildConfiguration;
			buildSettings = {
				ALWAYS_EMBED_SWIFT_STANDARD_LIBRARIES = YES;
				ASSETCATALOG_COMPILER_APPICON_NAME = AppIcon;
				CLANG_CXX_LANGUAGE_STANDARD = "c++0x";
				CLANG_WARN_CXX0X_EXTENSIONS = NO;
				CODE_SIGN_ENTITLEMENTS = SampleApp/SampleApp.entitlements;
				CODE_SIGN_IDENTITY = "iPhone Developer";
				CODE_SIGN_STYLE = Automatic;
				CURRENT_PROJECT_VERSION = 5;
				DEVELOPMENT_TEAM = E67326HC5Q;
				ENABLE_BITCODE = YES;
				FRAMEWORK_SEARCH_PATHS = "$(PROJECT_DIR)/../EmbeddedFrameworks";
				INFOPLIST_FILE = SampleApp/Info.plist;
				IPHONEOS_DEPLOYMENT_TARGET = 13.2;
				LD_RUNPATH_SEARCH_PATHS = (
					"$(inherited)",
					"@executable_path/Frameworks",
				);
				MARKETING_VERSION = 11.4.0;
				PRODUCT_BUNDLE_IDENTIFIER = com.cssn.SampleApp;
				PRODUCT_NAME = "$(TARGET_NAME)";
				PROVISIONING_PROFILE_SPECIFIER = "";
				SWIFT_VERSION = 5.0;
				TARGETED_DEVICE_FAMILY = "1,2";
			};
			name = Debug;
		};
		13AC660220EE8F9000F0D494 /* Release */ = {
			isa = XCBuildConfiguration;
			buildSettings = {
				ALWAYS_EMBED_SWIFT_STANDARD_LIBRARIES = YES;
				ASSETCATALOG_COMPILER_APPICON_NAME = AppIcon;
				CLANG_CXX_LANGUAGE_STANDARD = "c++0x";
				CLANG_WARN_CXX0X_EXTENSIONS = NO;
				CODE_SIGN_ENTITLEMENTS = SampleApp/SampleApp.entitlements;
				CODE_SIGN_IDENTITY = "iPhone Developer";
				CODE_SIGN_STYLE = Automatic;
				CURRENT_PROJECT_VERSION = 5;
				DEVELOPMENT_TEAM = E67326HC5Q;
				ENABLE_BITCODE = YES;
				FRAMEWORK_SEARCH_PATHS = "$(PROJECT_DIR)/../EmbeddedFrameworks";
				INFOPLIST_FILE = SampleApp/Info.plist;
				IPHONEOS_DEPLOYMENT_TARGET = 13.2;
				LD_RUNPATH_SEARCH_PATHS = (
					"$(inherited)",
					"@executable_path/Frameworks",
				);
				MARKETING_VERSION = 11.4.0;
				PRODUCT_BUNDLE_IDENTIFIER = com.cssn.SampleApp;
				PRODUCT_NAME = "$(TARGET_NAME)";
				PROVISIONING_PROFILE_SPECIFIER = "";
				SWIFT_VERSION = 5.0;
				TARGETED_DEVICE_FAMILY = "1,2";
			};
			name = Release;
		};
/* End XCBuildConfiguration section */

/* Begin XCConfigurationList section */
		13AC65D320EE8F8F00F0D494 /* Build configuration list for PBXProject "SampleApp" */ = {
			isa = XCConfigurationList;
			buildConfigurations = (
				13AC65FE20EE8F9000F0D494 /* Debug */,
				13AC65FF20EE8F9000F0D494 /* Release */,
			);
			defaultConfigurationIsVisible = 0;
			defaultConfigurationName = Release;
		};
		13AC660020EE8F9000F0D494 /* Build configuration list for PBXNativeTarget "SampleApp" */ = {
			isa = XCConfigurationList;
			buildConfigurations = (
				13AC660120EE8F9000F0D494 /* Debug */,
				13AC660220EE8F9000F0D494 /* Release */,
			);
			defaultConfigurationIsVisible = 0;
			defaultConfigurationName = Release;
		};
/* End XCConfigurationList section */
	};
	rootObject = 13AC65D020EE8F8F00F0D494 /* Project object */;
}
